
Microsoft Visual Studio Solution File, Format Version 12.00
# Visual Studio Version 17
VisualStudioVersion = 17.5.33516.290
MinimumVisualStudioVersion = 10.0.40219.1
Project("{9A19103F-16F7-4668-BE54-9A1E7A4F7556}") = "razor", "razor\razor.csproj", "{5AEABA1F-B0EB-49B8-9729-72B6D8C7A757}"
EndProject
Project("{9A19103F-16F7-4668-BE54-9A1E7A4F7556}") = "cuphapRazor", "cuphapRazor\cuphapRazor.csproj", "{97BB9837-2724-4F25-B926-BD90B2CE6359}"
EndProject
Project("{9A19103F-16F7-4668-BE54-9A1E7A4F7556}") = "layoutRazorpage", "layoutRazorpage\layoutRazorpage.csproj", "{466EB33A-2D8F-45E2-A35F-C5922B853AFB}"
EndProject
Project("{9A19103F-16F7-4668-BE54-9A1E7A4F7556}") = "partialRazorpage", "partialRazorpage\partialRazorpage.csproj", "{9557D4C4-7801-45C5-87BE-CCAF28DD1717}"
EndProject
Global
	GlobalSection(SolutionConfigurationPlatforms) = preSolution
		Debug|Any CPU = Debug|Any CPU
		Release|Any CPU = Release|Any CPU
	EndGlobalSection
	GlobalSection(ProjectConfigurationPlatforms) = postSolution
		{5AEABA1F-B0EB-49B8-9729-72B6D8C7A757}.Debug|Any CPU.ActiveCfg = Debug|Any CPU
		{5AEABA1F-B0EB-49B8-9729-72B6D8C7A757}.Debug|Any CPU.Build.0 = Debug|Any CPU
		{5AEABA1F-B0EB-49B8-9729-72B6D8C7A757}.Release|Any CPU.ActiveCfg = Release|Any CPU
		{5AEABA1F-B0EB-49B8-9729-72B6D8C7A757}.Release|Any CPU.Build.0 = Release|Any CPU
		{97BB9837-2724-4F25-B926-BD90B2CE6359}.Debug|Any CPU.ActiveCfg = Debug|Any CPU
		{97BB9837-2724-4F25-B926-BD90B2CE6359}.Debug|Any CPU.Build.0 = Debug|Any CPU
		{97BB9837-2724-4F25-B926-BD90B2CE6359}.Release|Any CPU.ActiveCfg = Release|Any CPU
		{97BB9837-2724-4F25-B926-BD90B2CE6359}.Release|Any CPU.Build.0 = Release|Any CPU
		{466EB33A-2D8F-45E2-A35F-C5922B853AFB}.Debug|Any CPU.ActiveCfg = Debug|Any CPU
		{466EB33A-2D8F-45E2-A35F-C5922B853AFB}.Debug|Any CPU.Build.0 = Debug|Any CPU
		{466EB33A-2D8F-45E2-A35F-C5922B853AFB}.Release|Any CPU.ActiveCfg = Release|Any CPU
		{466EB33A-2D8F-45E2-A35F-C5922B853AFB}.Release|Any CPU.Build.0 = Release|Any CPU
		{9557D4C4-7801-45C5-87BE-CCAF28DD1717}.Debug|Any CPU.ActiveCfg = Debug|Any CPU
		{9557D4C4-7801-45C5-87BE-CCAF28DD1717}.Debug|Any CPU.Build.0 = Debug|Any CPU
		{9557D4C4-7801-45C5-87BE-CCAF28DD1717}.Release|Any CPU.ActiveCfg = Release|Any CPU
		{9557D4C4-7801-45C5-87BE-CCAF28DD1717}.Release|Any CPU.Build.0 = Release|Any CPU
	EndGlobalSection
	GlobalSection(SolutionProperties) = preSolution
		HideSolutionNode = FALSE
	EndGlobalSection
	GlobalSection(ExtensibilityGlobals) = postSolution
		SolutionGuid = {2EA3BFB1-AC1B-42A1-800F-1C55A3D1B925}
	EndGlobalSection
EndGlobal
